// !$*UTF8*$!
{
	archiveVersion = 1;
	classes = {
	};
	objectVersion = 51;
	objects = {

/* Begin PBXBuildFile section */
		BD78983B9D71727344496905 /* Pods_LanguagePlayer.framework in Frameworks */ = {isa = PBXBuildFile; fileRef = F12CBFE29AE432CD7AA92972 /* Pods_LanguagePlayer.framework */; };
		CBA931DF269215D8007DA2F9 /* LanguagePlayerApp.swift in Sources */ = {isa = PBXBuildFile; fileRef = CBA931DE269215D8007DA2F9 /* LanguagePlayerApp.swift */; };
		CBA931E1269215D8007DA2F9 /* VideoListView.swift in Sources */ = {isa = PBXBuildFile; fileRef = CBA931E0269215D8007DA2F9 /* VideoListView.swift */; };
		CBA931E3269215D9007DA2F9 /* Assets.xcassets in Resources */ = {isa = PBXBuildFile; fileRef = CBA931E2269215D9007DA2F9 /* Assets.xcassets */; };
		CBA931E6269215D9007DA2F9 /* Preview Assets.xcassets in Resources */ = {isa = PBXBuildFile; fileRef = CBA931E5269215D9007DA2F9 /* Preview Assets.xcassets */; };
		CBA931F12692192E007DA2F9 /* VideoDownloadingView.swift in Sources */ = {isa = PBXBuildFile; fileRef = CBA931F02692192E007DA2F9 /* VideoDownloadingView.swift */; };
		CBA931F326921A08007DA2F9 /* VideoDownloadingViewModel.swift in Sources */ = {isa = PBXBuildFile; fileRef = CBA931F226921A08007DA2F9 /* VideoDownloadingViewModel.swift */; };
		CBA931F826921C38007DA2F9 /* VideoDownloadingService.swift in Sources */ = {isa = PBXBuildFile; fileRef = CBA931F726921C38007DA2F9 /* VideoDownloadingService.swift */; };
		CBA9320F26921E3A007DA2F9 /* jsconfig.json in Resources */ = {isa = PBXBuildFile; fileRef = CBA931FA26921E3A007DA2F9 /* jsconfig.json */; };
		CBA9321026921E3A007DA2F9 /* jquery.ui.widget.js in Resources */ = {isa = PBXBuildFile; fileRef = CBA931FC26921E3A007DA2F9 /* jquery.ui.widget.js */; };
		CBA9321126921E3A007DA2F9 /* jquery.fileupload.js in Resources */ = {isa = PBXBuildFile; fileRef = CBA931FD26921E3A007DA2F9 /* jquery.fileupload.js */; };
		CBA9321226921E3A007DA2F9 /* index.js in Resources */ = {isa = PBXBuildFile; fileRef = CBA931FE26921E3A007DA2F9 /* index.js */; };
		CBA9321326921E3A007DA2F9 /* jquery.min.js in Resources */ = {isa = PBXBuildFile; fileRef = CBA931FF26921E3A007DA2F9 /* jquery.min.js */; };
		CBA9321426921E3A007DA2F9 /* bootstrap.min.js in Resources */ = {isa = PBXBuildFile; fileRef = CBA9320026921E3A007DA2F9 /* bootstrap.min.js */; };
		CBA9321526921E3A007DA2F9 /* fontawesome-webfont.svg in Resources */ = {isa = PBXBuildFile; fileRef = CBA9320326921E3A007DA2F9 /* fontawesome-webfont.svg */; };
		CBA9321626921E3A007DA2F9 /* fontawesome-webfont.woff2 in Resources */ = {isa = PBXBuildFile; fileRef = CBA9320426921E3A007DA2F9 /* fontawesome-webfont.woff2 */; };
		CBA9321726921E3A007DA2F9 /* fontawesome-webfont.ttf in Resources */ = {isa = PBXBuildFile; fileRef = CBA9320526921E3A007DA2F9 /* fontawesome-webfont.ttf */; };
		CBA9321826921E3A007DA2F9 /* fontawesome-webfont.woff in Resources */ = {isa = PBXBuildFile; fileRef = CBA9320626921E3A007DA2F9 /* fontawesome-webfont.woff */; };
		CBA9321926921E3A007DA2F9 /* bootstrap.min.css in Resources */ = {isa = PBXBuildFile; fileRef = CBA9320826921E3A007DA2F9 /* bootstrap.min.css */; };
		CBA9321A26921E3A007DA2F9 /* index.css in Resources */ = {isa = PBXBuildFile; fileRef = CBA9320926921E3A007DA2F9 /* index.css */; };
		CBA9321B26921E3A007DA2F9 /* index.html in Resources */ = {isa = PBXBuildFile; fileRef = CBA9320B26921E3A007DA2F9 /* index.html */; };
		CBA9321C26921E3A007DA2F9 /* file-video-solid.svg in Resources */ = {isa = PBXBuildFile; fileRef = CBA9320D26921E3A007DA2F9 /* file-video-solid.svg */; };
		CBA9321D26921E3A007DA2F9 /* file-invoice-solid.svg in Resources */ = {isa = PBXBuildFile; fileRef = CBA9320E26921E3A007DA2F9 /* file-invoice-solid.svg */; };
		CBA932C026922D93007DA2F9 /* Extensions.swift in Sources */ = {isa = PBXBuildFile; fileRef = CBA932BF26922D93007DA2F9 /* Extensions.swift */; };
		CBA932C226922E60007DA2F9 /* WebServerUploadConnection.swift in Sources */ = {isa = PBXBuildFile; fileRef = CBA932C126922E60007DA2F9 /* WebServerUploadConnection.swift */; };
/* End PBXBuildFile section */

/* Begin PBXCopyFilesBuildPhase section */
		CB202218269503DE00A6194F /* Embed Frameworks */ = {
			isa = PBXCopyFilesBuildPhase;
			buildActionMask = 8;
			dstPath = "";
			dstSubfolderSpec = 10;
			files = (
			);
			name = "Embed Frameworks";
			runOnlyForDeploymentPostprocessing = 1;
		};
/* End PBXCopyFilesBuildPhase section */

/* Begin PBXFileReference section */
		86AD766DDFC716C4034EE694 /* Pods-LanguagePlayer.debug.xcconfig */ = {isa = PBXFileReference; includeInIndex = 1; lastKnownFileType = text.xcconfig; name = "Pods-LanguagePlayer.debug.xcconfig"; path = "Target Support Files/Pods-LanguagePlayer/Pods-LanguagePlayer.debug.xcconfig"; sourceTree = "<group>"; };
		A4D5A30DC2A34C3612CC67C7 /* Pods-LanguagePlayer.release.xcconfig */ = {isa = PBXFileReference; includeInIndex = 1; lastKnownFileType = text.xcconfig; name = "Pods-LanguagePlayer.release.xcconfig"; path = "Target Support Files/Pods-LanguagePlayer/Pods-LanguagePlayer.release.xcconfig"; sourceTree = "<group>"; };
		CBA931DB269215D8007DA2F9 /* LanguagePlayer.app */ = {isa = PBXFileReference; explicitFileType = wrapper.application; includeInIndex = 0; path = LanguagePlayer.app; sourceTree = BUILT_PRODUCTS_DIR; };
		CBA931DE269215D8007DA2F9 /* LanguagePlayerApp.swift */ = {isa = PBXFileReference; lastKnownFileType = sourcecode.swift; path = LanguagePlayerApp.swift; sourceTree = "<group>"; };
		CBA931E0269215D8007DA2F9 /* VideoListView.swift */ = {isa = PBXFileReference; lastKnownFileType = sourcecode.swift; path = VideoListView.swift; sourceTree = "<group>"; };
		CBA931E2269215D9007DA2F9 /* Assets.xcassets */ = {isa = PBXFileReference; lastKnownFileType = folder.assetcatalog; path = Assets.xcassets; sourceTree = "<group>"; };
		CBA931E5269215D9007DA2F9 /* Preview Assets.xcassets */ = {isa = PBXFileReference; lastKnownFileType = folder.assetcatalog; path = "Preview Assets.xcassets"; sourceTree = "<group>"; };
		CBA931E7269215D9007DA2F9 /* Info.plist */ = {isa = PBXFileReference; lastKnownFileType = text.plist.xml; path = Info.plist; sourceTree = "<group>"; };
		CBA931F02692192E007DA2F9 /* VideoDownloadingView.swift */ = {isa = PBXFileReference; lastKnownFileType = sourcecode.swift; path = VideoDownloadingView.swift; sourceTree = "<group>"; };
		CBA931F226921A08007DA2F9 /* VideoDownloadingViewModel.swift */ = {isa = PBXFileReference; lastKnownFileType = sourcecode.swift; path = VideoDownloadingViewModel.swift; sourceTree = "<group>"; };
		CBA931F726921C38007DA2F9 /* VideoDownloadingService.swift */ = {isa = PBXFileReference; lastKnownFileType = sourcecode.swift; path = VideoDownloadingService.swift; sourceTree = "<group>"; };
		CBA931FA26921E3A007DA2F9 /* jsconfig.json */ = {isa = PBXFileReference; fileEncoding = 4; lastKnownFileType = text.json; path = jsconfig.json; sourceTree = "<group>"; };
		CBA931FC26921E3A007DA2F9 /* jquery.ui.widget.js */ = {isa = PBXFileReference; fileEncoding = 4; lastKnownFileType = sourcecode.javascript; path = jquery.ui.widget.js; sourceTree = "<group>"; };
		CBA931FD26921E3A007DA2F9 /* jquery.fileupload.js */ = {isa = PBXFileReference; fileEncoding = 4; lastKnownFileType = sourcecode.javascript; path = jquery.fileupload.js; sourceTree = "<group>"; };
		CBA931FE26921E3A007DA2F9 /* index.js */ = {isa = PBXFileReference; fileEncoding = 4; lastKnownFileType = sourcecode.javascript; path = index.js; sourceTree = "<group>"; };
		CBA931FF26921E3A007DA2F9 /* jquery.min.js */ = {isa = PBXFileReference; fileEncoding = 4; lastKnownFileType = sourcecode.javascript; path = jquery.min.js; sourceTree = "<group>"; };
		CBA9320026921E3A007DA2F9 /* bootstrap.min.js */ = {isa = PBXFileReference; fileEncoding = 4; lastKnownFileType = sourcecode.javascript; path = bootstrap.min.js; sourceTree = "<group>"; };
		CBA9320126921E3A007DA2F9 /* bootstrap.min.js.map */ = {isa = PBXFileReference; fileEncoding = 4; lastKnownFileType = "sourcecode.module-map"; path = bootstrap.min.js.map; sourceTree = "<group>"; };
		CBA9320326921E3A007DA2F9 /* fontawesome-webfont.svg */ = {isa = PBXFileReference; fileEncoding = 4; lastKnownFileType = text.xml; path = "fontawesome-webfont.svg"; sourceTree = "<group>"; };
		CBA9320426921E3A007DA2F9 /* fontawesome-webfont.woff2 */ = {isa = PBXFileReference; lastKnownFileType = file; path = "fontawesome-webfont.woff2"; sourceTree = "<group>"; };
		CBA9320526921E3A007DA2F9 /* fontawesome-webfont.ttf */ = {isa = PBXFileReference; lastKnownFileType = file; path = "fontawesome-webfont.ttf"; sourceTree = "<group>"; };
		CBA9320626921E3A007DA2F9 /* fontawesome-webfont.woff */ = {isa = PBXFileReference; lastKnownFileType = file; path = "fontawesome-webfont.woff"; sourceTree = "<group>"; };
		CBA9320826921E3A007DA2F9 /* bootstrap.min.css */ = {isa = PBXFileReference; fileEncoding = 4; lastKnownFileType = text.css; path = bootstrap.min.css; sourceTree = "<group>"; };
		CBA9320926921E3A007DA2F9 /* index.css */ = {isa = PBXFileReference; fileEncoding = 4; lastKnownFileType = text.css; path = index.css; sourceTree = "<group>"; };
		CBA9320A26921E3A007DA2F9 /* bootstrap.min.css.map */ = {isa = PBXFileReference; fileEncoding = 4; lastKnownFileType = "sourcecode.module-map"; path = bootstrap.min.css.map; sourceTree = "<group>"; };
		CBA9320B26921E3A007DA2F9 /* index.html */ = {isa = PBXFileReference; fileEncoding = 4; lastKnownFileType = text.html; path = index.html; sourceTree = "<group>"; };
		CBA9320D26921E3A007DA2F9 /* file-video-solid.svg */ = {isa = PBXFileReference; fileEncoding = 4; lastKnownFileType = text; path = "file-video-solid.svg"; sourceTree = "<group>"; };
		CBA9320E26921E3A007DA2F9 /* file-invoice-solid.svg */ = {isa = PBXFileReference; fileEncoding = 4; lastKnownFileType = text; path = "file-invoice-solid.svg"; sourceTree = "<group>"; };
		CBA932BF26922D93007DA2F9 /* Extensions.swift */ = {isa = PBXFileReference; lastKnownFileType = sourcecode.swift; path = Extensions.swift; sourceTree = "<group>"; };
		CBA932C126922E60007DA2F9 /* WebServerUploadConnection.swift */ = {isa = PBXFileReference; lastKnownFileType = sourcecode.swift; path = WebServerUploadConnection.swift; sourceTree = "<group>"; };
		F12CBFE29AE432CD7AA92972 /* Pods_LanguagePlayer.framework */ = {isa = PBXFileReference; explicitFileType = wrapper.framework; includeInIndex = 0; path = Pods_LanguagePlayer.framework; sourceTree = BUILT_PRODUCTS_DIR; };
/* End PBXFileReference section */

/* Begin PBXFrameworksBuildPhase section */
		CBA931D8269215D8007DA2F9 /* Frameworks */ = {
			isa = PBXFrameworksBuildPhase;
			buildActionMask = 2147483647;
			files = (
				BD78983B9D71727344496905 /* Pods_LanguagePlayer.framework in Frameworks */,
			);
			runOnlyForDeploymentPostprocessing = 0;
		};
/* End PBXFrameworksBuildPhase section */

/* Begin PBXGroup section */
		087D6B36FEC929259FCA5867 /* Frameworks */ = {
			isa = PBXGroup;
			children = (
				F12CBFE29AE432CD7AA92972 /* Pods_LanguagePlayer.framework */,
			);
			name = Frameworks;
			sourceTree = "<group>";
		};
		54B189EA2D28249D01218D5A /* Pods */ = {
			isa = PBXGroup;
			children = (
				86AD766DDFC716C4034EE694 /* Pods-LanguagePlayer.debug.xcconfig */,
				A4D5A30DC2A34C3612CC67C7 /* Pods-LanguagePlayer.release.xcconfig */,
			);
			path = Pods;
			sourceTree = "<group>";
		};
		CBA931D2269215D8007DA2F9 = {
			isa = PBXGroup;
			children = (
				CBA931DD269215D8007DA2F9 /* LanguagePlayer */,
				CBA931DC269215D8007DA2F9 /* Products */,
				54B189EA2D28249D01218D5A /* Pods */,
				087D6B36FEC929259FCA5867 /* Frameworks */,
			);
			sourceTree = "<group>";
		};
		CBA931DC269215D8007DA2F9 /* Products */ = {
			isa = PBXGroup;
			children = (
				CBA931DB269215D8007DA2F9 /* LanguagePlayer.app */,
			);
			name = Products;
			sourceTree = "<group>";
		};
		CBA931DD269215D8007DA2F9 /* LanguagePlayer */ = {
			isa = PBXGroup;
			children = (
				CBA932BE26922D64007DA2F9 /* Misc */,
				CBA932BC26922D2A007DA2F9 /* Services */,
				CBA931ED269218EF007DA2F9 /* UserStories */,
				CBA931DE269215D8007DA2F9 /* LanguagePlayerApp.swift */,
				CBA931E2269215D9007DA2F9 /* Assets.xcassets */,
				CBA931E7269215D9007DA2F9 /* Info.plist */,
				CBA931E4269215D9007DA2F9 /* Preview Content */,
			);
			path = LanguagePlayer;
			sourceTree = "<group>";
		};
		CBA931E4269215D9007DA2F9 /* Preview Content */ = {
			isa = PBXGroup;
			children = (
				CBA931E5269215D9007DA2F9 /* Preview Assets.xcassets */,
			);
			path = "Preview Content";
			sourceTree = "<group>";
		};
		CBA931ED269218EF007DA2F9 /* UserStories */ = {
			isa = PBXGroup;
			children = (
				CBA931EF26921906007DA2F9 /* VideoDownloading */,
				CBA931EE269218FD007DA2F9 /* VideoList */,
			);
			path = UserStories;
			sourceTree = "<group>";
		};
		CBA931EE269218FD007DA2F9 /* VideoList */ = {
			isa = PBXGroup;
			children = (
				CBA931E0269215D8007DA2F9 /* VideoListView.swift */,
			);
			path = VideoList;
			sourceTree = "<group>";
		};
		CBA931EF26921906007DA2F9 /* VideoDownloading */ = {
			isa = PBXGroup;
			children = (
				CBA931F02692192E007DA2F9 /* VideoDownloadingView.swift */,
				CBA931F226921A08007DA2F9 /* VideoDownloadingViewModel.swift */,
			);
			path = VideoDownloading;
			sourceTree = "<group>";
		};
		CBA931F926921E23007DA2F9 /* HTML */ = {
			isa = PBXGroup;
			children = (
				CBA9320726921E3A007DA2F9 /* css */,
				CBA9320226921E3A007DA2F9 /* fonts */,
				CBA9320C26921E3A007DA2F9 /* icons */,
				CBA9320B26921E3A007DA2F9 /* index.html */,
				CBA931FB26921E3A007DA2F9 /* js */,
				CBA931FA26921E3A007DA2F9 /* jsconfig.json */,
			);
			path = HTML;
			sourceTree = "<group>";
		};
		CBA931FB26921E3A007DA2F9 /* js */ = {
			isa = PBXGroup;
			children = (
				CBA931FC26921E3A007DA2F9 /* jquery.ui.widget.js */,
				CBA931FD26921E3A007DA2F9 /* jquery.fileupload.js */,
				CBA931FE26921E3A007DA2F9 /* index.js */,
				CBA931FF26921E3A007DA2F9 /* jquery.min.js */,
				CBA9320026921E3A007DA2F9 /* bootstrap.min.js */,
				CBA9320126921E3A007DA2F9 /* bootstrap.min.js.map */,
			);
			path = js;
			sourceTree = "<group>";
		};
		CBA9320226921E3A007DA2F9 /* fonts */ = {
			isa = PBXGroup;
			children = (
				CBA9320326921E3A007DA2F9 /* fontawesome-webfont.svg */,
				CBA9320426921E3A007DA2F9 /* fontawesome-webfont.woff2 */,
				CBA9320526921E3A007DA2F9 /* fontawesome-webfont.ttf */,
				CBA9320626921E3A007DA2F9 /* fontawesome-webfont.woff */,
			);
			path = fonts;
			sourceTree = "<group>";
		};
		CBA9320726921E3A007DA2F9 /* css */ = {
			isa = PBXGroup;
			children = (
				CBA9320826921E3A007DA2F9 /* bootstrap.min.css */,
				CBA9320926921E3A007DA2F9 /* index.css */,
				CBA9320A26921E3A007DA2F9 /* bootstrap.min.css.map */,
			);
			path = css;
			sourceTree = "<group>";
		};
		CBA9320C26921E3A007DA2F9 /* icons */ = {
			isa = PBXGroup;
			children = (
				CBA9320D26921E3A007DA2F9 /* file-video-solid.svg */,
				CBA9320E26921E3A007DA2F9 /* file-invoice-solid.svg */,
			);
			path = icons;
			sourceTree = "<group>";
		};
		CBA932BC26922D2A007DA2F9 /* Services */ = {
			isa = PBXGroup;
			children = (
				CBA932BD26922D30007DA2F9 /* WebServer */,
			);
			path = Services;
			sourceTree = "<group>";
		};
		CBA932BD26922D30007DA2F9 /* WebServer */ = {
			isa = PBXGroup;
			children = (
				CBA931F726921C38007DA2F9 /* VideoDownloadingService.swift */,
				CBA932C126922E60007DA2F9 /* WebServerUploadConnection.swift */,
			);
			path = WebServer;
			sourceTree = "<group>";
		};
		CBA932BE26922D64007DA2F9 /* Misc */ = {
			isa = PBXGroup;
			children = (
				CBA931F926921E23007DA2F9 /* HTML */,
				CBA932BF26922D93007DA2F9 /* Extensions.swift */,
			);
			path = Misc;
			sourceTree = "<group>";
		};
/* End PBXGroup section */

/* Begin PBXNativeTarget section */
		CBA931DA269215D8007DA2F9 /* LanguagePlayer */ = {
			isa = PBXNativeTarget;
			buildConfigurationList = CBA931EA269215D9007DA2F9 /* Build configuration list for PBXNativeTarget "LanguagePlayer" */;
			buildPhases = (
				57622313949F1B02AEFB1565 /* [CP] Check Pods Manifest.lock */,
				CBA931D7269215D8007DA2F9 /* Sources */,
				CBA931D8269215D8007DA2F9 /* Frameworks */,
				CBA931D9269215D8007DA2F9 /* Resources */,
				CB202218269503DE00A6194F /* Embed Frameworks */,
				EC5768F6E7362AFD5F43B9EF /* [CP] Embed Pods Frameworks */,
			);
			buildRules = (
			);
			dependencies = (
			);
			name = LanguagePlayer;
			productName = LanguagePlayer;
			productReference = CBA931DB269215D8007DA2F9 /* LanguagePlayer.app */;
			productType = "com.apple.product-type.application";
		};
/* End PBXNativeTarget section */

/* Begin PBXProject section */
		CBA931D3269215D8007DA2F9 /* Project object */ = {
			isa = PBXProject;
			attributes = {
				LastSwiftUpdateCheck = 1250;
				LastUpgradeCheck = 1250;
				TargetAttributes = {
					CBA931DA269215D8007DA2F9 = {
						CreatedOnToolsVersion = 12.5.1;
					};
				};
			};
			buildConfigurationList = CBA931D6269215D8007DA2F9 /* Build configuration list for PBXProject "LanguagePlayer" */;
			compatibilityVersion = "Xcode 9.3";
			developmentRegion = en;
			hasScannedForEncodings = 0;
			knownRegions = (
				en,
				Base,
			);
			mainGroup = CBA931D2269215D8007DA2F9;
			productRefGroup = CBA931DC269215D8007DA2F9 /* Products */;
			projectDirPath = "";
			projectRoot = "";
			targets = (
				CBA931DA269215D8007DA2F9 /* LanguagePlayer */,
			);
		};
/* End PBXProject section */

/* Begin PBXResourcesBuildPhase section */
		CBA931D9269215D8007DA2F9 /* Resources */ = {
			isa = PBXResourcesBuildPhase;
			buildActionMask = 2147483647;
			files = (
				CBA9321B26921E3A007DA2F9 /* index.html in Resources */,
				CBA9321726921E3A007DA2F9 /* fontawesome-webfont.ttf in Resources */,
				CBA9321526921E3A007DA2F9 /* fontawesome-webfont.svg in Resources */,
				CBA9321826921E3A007DA2F9 /* fontawesome-webfont.woff in Resources */,
				CBA9321026921E3A007DA2F9 /* jquery.ui.widget.js in Resources */,
				CBA9321A26921E3A007DA2F9 /* index.css in Resources */,
				CBA9320F26921E3A007DA2F9 /* jsconfig.json in Resources */,
				CBA9321326921E3A007DA2F9 /* jquery.min.js in Resources */,
				CBA9321D26921E3A007DA2F9 /* file-invoice-solid.svg in Resources */,
				CBA9321426921E3A007DA2F9 /* bootstrap.min.js in Resources */,
				CBA9321626921E3A007DA2F9 /* fontawesome-webfont.woff2 in Resources */,
				CBA931E6269215D9007DA2F9 /* Preview Assets.xcassets in Resources */,
				CBA9321226921E3A007DA2F9 /* index.js in Resources */,
				CBA9321126921E3A007DA2F9 /* jquery.fileupload.js in Resources */,
				CBA9321926921E3A007DA2F9 /* bootstrap.min.css in Resources */,
				CBA9321C26921E3A007DA2F9 /* file-video-solid.svg in Resources */,
				CBA931E3269215D9007DA2F9 /* Assets.xcassets in Resources */,
			);
			runOnlyForDeploymentPostprocessing = 0;
		};
/* End PBXResourcesBuildPhase section */

/* Begin PBXShellScriptBuildPhase section */
		57622313949F1B02AEFB1565 /* [CP] Check Pods Manifest.lock */ = {
			isa = PBXShellScriptBuildPhase;
			buildActionMask = 2147483647;
			files = (
			);
			inputFileListPaths = (
			);
			inputPaths = (
				"${PODS_PODFILE_DIR_PATH}/Podfile.lock",
				"${PODS_ROOT}/Manifest.lock",
			);
			name = "[CP] Check Pods Manifest.lock";
			outputFileListPaths = (
			);
			outputPaths = (
				"$(DERIVED_FILE_DIR)/Pods-LanguagePlayer-checkManifestLockResult.txt",
			);
			runOnlyForDeploymentPostprocessing = 0;
			shellPath = /bin/sh;
			shellScript = "diff \"${PODS_PODFILE_DIR_PATH}/Podfile.lock\" \"${PODS_ROOT}/Manifest.lock\" > /dev/null\nif [ $? != 0 ] ; then\n    # print error to STDERR\n    echo \"error: The sandbox is not in sync with the Podfile.lock. Run 'pod install' or update your CocoaPods installation.\" >&2\n    exit 1\nfi\n# This output is used by Xcode 'outputs' to avoid re-running this script phase.\necho \"SUCCESS\" > \"${SCRIPT_OUTPUT_FILE_0}\"\n";
			showEnvVarsInLog = 0;
		};
		EC5768F6E7362AFD5F43B9EF /* [CP] Embed Pods Frameworks */ = {
			isa = PBXShellScriptBuildPhase;
			buildActionMask = 2147483647;
			files = (
			);
			inputFileListPaths = (
				"${PODS_ROOT}/Target Support Files/Pods-LanguagePlayer/Pods-LanguagePlayer-frameworks-${CONFIGURATION}-input-files.xcfilelist",
			);
			name = "[CP] Embed Pods Frameworks";
			outputFileListPaths = (
				"${PODS_ROOT}/Target Support Files/Pods-LanguagePlayer/Pods-LanguagePlayer-frameworks-${CONFIGURATION}-output-files.xcfilelist",
			);
			runOnlyForDeploymentPostprocessing = 0;
			shellPath = /bin/sh;
			shellScript = "\"${PODS_ROOT}/Target Support Files/Pods-LanguagePlayer/Pods-LanguagePlayer-frameworks.sh\"\n";
			showEnvVarsInLog = 0;
		};
/* End PBXShellScriptBuildPhase section */

/* Begin PBXSourcesBuildPhase section */
		CBA931D7269215D8007DA2F9 /* Sources */ = {
			isa = PBXSourcesBuildPhase;
			buildActionMask = 2147483647;
			files = (
				CBA932C226922E60007DA2F9 /* WebServerUploadConnection.swift in Sources */,
				CBA931E1269215D8007DA2F9 /* VideoListView.swift in Sources */,
				CBA932C026922D93007DA2F9 /* Extensions.swift in Sources */,
				CBA931F826921C38007DA2F9 /* VideoDownloadingService.swift in Sources */,
				CBA931DF269215D8007DA2F9 /* LanguagePlayerApp.swift in Sources */,
				CBA931F12692192E007DA2F9 /* VideoDownloadingView.swift in Sources */,
				CBA931F326921A08007DA2F9 /* VideoDownloadingViewModel.swift in Sources */,
			);
			runOnlyForDeploymentPostprocessing = 0;
		};
/* End PBXSourcesBuildPhase section */

/* Begin XCBuildConfiguration section */
		CBA931E8269215D9007DA2F9 /* Debug */ = {
			isa = XCBuildConfiguration;
			buildSettings = {
				ALWAYS_SEARCH_USER_PATHS = NO;
				CLANG_ANALYZER_NONNULL = YES;
				CLANG_ANALYZER_NUMBER_OBJECT_CONVERSION = YES_AGGRESSIVE;
				CLANG_CXX_LANGUAGE_STANDARD = "gnu++14";
				CLANG_CXX_LIBRARY = "libc++";
				CLANG_ENABLE_MODULES = YES;
				CLANG_ENABLE_OBJC_ARC = YES;
				CLANG_ENABLE_OBJC_WEAK = YES;
				CLANG_WARN_BLOCK_CAPTURE_AUTORELEASING = YES;
				CLANG_WARN_BOOL_CONVERSION = YES;
				CLANG_WARN_COMMA = YES;
				CLANG_WARN_CONSTANT_CONVERSION = YES;
				CLANG_WARN_DEPRECATED_OBJC_IMPLEMENTATIONS = YES;
				CLANG_WARN_DIRECT_OBJC_ISA_USAGE = YES_ERROR;
				CLANG_WARN_DOCUMENTATION_COMMENTS = YES;
				CLANG_WARN_EMPTY_BODY = YES;
				CLANG_WARN_ENUM_CONVERSION = YES;
				CLANG_WARN_INFINITE_RECURSION = YES;
				CLANG_WARN_INT_CONVERSION = YES;
				CLANG_WARN_NON_LITERAL_NULL_CONVERSION = YES;
				CLANG_WARN_OBJC_IMPLICIT_RETAIN_SELF = YES;
				CLANG_WARN_OBJC_LITERAL_CONVERSION = YES;
				CLANG_WARN_OBJC_ROOT_CLASS = YES_ERROR;
				CLANG_WARN_QUOTED_INCLUDE_IN_FRAMEWORK_HEADER = YES;
				CLANG_WARN_RANGE_LOOP_ANALYSIS = YES;
				CLANG_WARN_STRICT_PROTOTYPES = YES;
				CLANG_WARN_SUSPICIOUS_MOVE = YES;
				CLANG_WARN_UNGUARDED_AVAILABILITY = YES_AGGRESSIVE;
				CLANG_WARN_UNREACHABLE_CODE = YES;
				CLANG_WARN__DUPLICATE_METHOD_MATCH = YES;
				COPY_PHASE_STRIP = NO;
				DEBUG_INFORMATION_FORMAT = dwarf;
				ENABLE_STRICT_OBJC_MSGSEND = YES;
				ENABLE_TESTABILITY = YES;
				GCC_C_LANGUAGE_STANDARD = gnu11;
				GCC_DYNAMIC_NO_PIC = NO;
				GCC_NO_COMMON_BLOCKS = YES;
				GCC_OPTIMIZATION_LEVEL = 0;
				GCC_PREPROCESSOR_DEFINITIONS = (
					"DEBUG=1",
					"$(inherited)",
				);
				GCC_WARN_64_TO_32_BIT_CONVERSION = YES;
				GCC_WARN_ABOUT_RETURN_TYPE = YES_ERROR;
				GCC_WARN_UNDECLARED_SELECTOR = YES;
				GCC_WARN_UNINITIALIZED_AUTOS = YES_AGGRESSIVE;
				GCC_WARN_UNUSED_FUNCTION = YES;
				GCC_WARN_UNUSED_VARIABLE = YES;
				IPHONEOS_DEPLOYMENT_TARGET = 14.5;
				MTL_ENABLE_DEBUG_INFO = INCLUDE_SOURCE;
				MTL_FAST_MATH = YES;
				ONLY_ACTIVE_ARCH = YES;
				SDKROOT = iphoneos;
				SWIFT_ACTIVE_COMPILATION_CONDITIONS = DEBUG;
				SWIFT_OPTIMIZATION_LEVEL = "-Onone";
			};
			name = Debug;
		};
		CBA931E9269215D9007DA2F9 /* Release */ = {
			isa = XCBuildConfiguration;
			buildSettings = {
				ALWAYS_SEARCH_USER_PATHS = NO;
				CLANG_ANALYZER_NONNULL = YES;
				CLANG_ANALYZER_NUMBER_OBJECT_CONVERSION = YES_AGGRESSIVE;
				CLANG_CXX_LANGUAGE_STANDARD = "gnu++14";
				CLANG_CXX_LIBRARY = "libc++";
				CLANG_ENABLE_MODULES = YES;
				CLANG_ENABLE_OBJC_ARC = YES;
				CLANG_ENABLE_OBJC_WEAK = YES;
				CLANG_WARN_BLOCK_CAPTURE_AUTORELEASING = YES;
				CLANG_WARN_BOOL_CONVERSION = YES;
				CLANG_WARN_COMMA = YES;
				CLANG_WARN_CONSTANT_CONVERSION = YES;
				CLANG_WARN_DEPRECATED_OBJC_IMPLEMENTATIONS = YES;
				CLANG_WARN_DIRECT_OBJC_ISA_USAGE = YES_ERROR;
				CLANG_WARN_DOCUMENTATION_COMMENTS = YES;
				CLANG_WARN_EMPTY_BODY = YES;
				CLANG_WARN_ENUM_CONVERSION = YES;
				CLANG_WARN_INFINITE_RECURSION = YES;
				CLANG_WARN_INT_CONVERSION = YES;
				CLANG_WARN_NON_LITERAL_NULL_CONVERSION = YES;
				CLANG_WARN_OBJC_IMPLICIT_RETAIN_SELF = YES;
				CLANG_WARN_OBJC_LITERAL_CONVERSION = YES;
				CLANG_WARN_OBJC_ROOT_CLASS = YES_ERROR;
				CLANG_WARN_QUOTED_INCLUDE_IN_FRAMEWORK_HEADER = YES;
				CLANG_WARN_RANGE_LOOP_ANALYSIS = YES;
				CLANG_WARN_STRICT_PROTOTYPES = YES;
				CLANG_WARN_SUSPICIOUS_MOVE = YES;
				CLANG_WARN_UNGUARDED_AVAILABILITY = YES_AGGRESSIVE;
				CLANG_WARN_UNREACHABLE_CODE = YES;
				CLANG_WARN__DUPLICATE_METHOD_MATCH = YES;
				COPY_PHASE_STRIP = NO;
				DEBUG_INFORMATION_FORMAT = "dwarf-with-dsym";
				ENABLE_NS_ASSERTIONS = NO;
				ENABLE_STRICT_OBJC_MSGSEND = YES;
				GCC_C_LANGUAGE_STANDARD = gnu11;
				GCC_NO_COMMON_BLOCKS = YES;
				GCC_WARN_64_TO_32_BIT_CONVERSION = YES;
				GCC_WARN_ABOUT_RETURN_TYPE = YES_ERROR;
				GCC_WARN_UNDECLARED_SELECTOR = YES;
				GCC_WARN_UNINITIALIZED_AUTOS = YES_AGGRESSIVE;
				GCC_WARN_UNUSED_FUNCTION = YES;
				GCC_WARN_UNUSED_VARIABLE = YES;
				IPHONEOS_DEPLOYMENT_TARGET = 14.5;
				MTL_ENABLE_DEBUG_INFO = NO;
				MTL_FAST_MATH = YES;
				SDKROOT = iphoneos;
				SWIFT_COMPILATION_MODE = wholemodule;
				SWIFT_OPTIMIZATION_LEVEL = "-O";
				VALIDATE_PRODUCT = YES;
			};
			name = Release;
		};
		CBA931EB269215D9007DA2F9 /* Debug */ = {
			isa = XCBuildConfiguration;
			baseConfigurationReference = 86AD766DDFC716C4034EE694 /* Pods-LanguagePlayer.debug.xcconfig */;
			buildSettings = {
				ASSETCATALOG_COMPILER_APPICON_NAME = AppIcon;
				ASSETCATALOG_COMPILER_GLOBAL_ACCENT_COLOR_NAME = AccentColor;
				CODE_SIGN_STYLE = Automatic;
				DEVELOPMENT_ASSET_PATHS = "\"LanguagePlayer/Preview Content\"";
				DEVELOPMENT_TEAM = KM8KTKQCR2;
				ENABLE_BITCODE = NO;
				ENABLE_PREVIEWS = YES;
				HEADER_SEARCH_PATHS = "$(inherited)";
				INFOPLIST_FILE = LanguagePlayer/Info.plist;
				IPHONEOS_DEPLOYMENT_TARGET = 14.0;
				LD_RUNPATH_SEARCH_PATHS = (
					"$(inherited)",
					"@executable_path/Frameworks",
				);
				LIBRARY_SEARCH_PATHS = "$(inherited)";
				PRODUCT_BUNDLE_IDENTIFIER = net.maksima.LanguagePlayer;
				PRODUCT_NAME = "$(TARGET_NAME)";
				SWIFT_VERSION = 5.0;
				TARGETED_DEVICE_FAMILY = "1,2";
			};
			name = Debug;
		};
		CBA931EC269215D9007DA2F9 /* Release */ = {
			isa = XCBuildConfiguration;
			baseConfigurationReference = A4D5A30DC2A34C3612CC67C7 /* Pods-LanguagePlayer.release.xcconfig */;
			buildSettings = {
				ASSETCATALOG_COMPILER_APPICON_NAME = AppIcon;
				ASSETCATALOG_COMPILER_GLOBAL_ACCENT_COLOR_NAME = AccentColor;
				CODE_SIGN_STYLE = Automatic;
				DEVELOPMENT_ASSET_PATHS = "\"LanguagePlayer/Preview Content\"";
				DEVELOPMENT_TEAM = KM8KTKQCR2;
				ENABLE_BITCODE = NO;
				ENABLE_PREVIEWS = YES;
				HEADER_SEARCH_PATHS = "$(inherited)";
				INFOPLIST_FILE = LanguagePlayer/Info.plist;
				IPHONEOS_DEPLOYMENT_TARGET = 14.0;
				LD_RUNPATH_SEARCH_PATHS = (
					"$(inherited)",
					"@executable_path/Frameworks",
				);
				LIBRARY_SEARCH_PATHS = "$(inherited)";
				PRODUCT_BUNDLE_IDENTIFIER = net.maksima.LanguagePlayer;
				PRODUCT_NAME = "$(TARGET_NAME)";
				SWIFT_VERSION = 5.0;
				TARGETED_DEVICE_FAMILY = "1,2";
			};
			name = Release;
		};
/* End XCBuildConfiguration section */

/* Begin XCConfigurationList section */
		CBA931D6269215D8007DA2F9 /* Build configuration list for PBXProject "LanguagePlayer" */ = {
			isa = XCConfigurationList;
			buildConfigurations = (
				CBA931E8269215D9007DA2F9 /* Debug */,
				CBA931E9269215D9007DA2F9 /* Release */,
			);
			defaultConfigurationIsVisible = 0;
			defaultConfigurationName = Release;
		};
		CBA931EA269215D9007DA2F9 /* Build configuration list for PBXNativeTarget "LanguagePlayer" */ = {
			isa = XCConfigurationList;
			buildConfigurations = (
				CBA931EB269215D9007DA2F9 /* Debug */,
				CBA931EC269215D9007DA2F9 /* Release */,
			);
			defaultConfigurationIsVisible = 0;
			defaultConfigurationName = Release;
		};
/* End XCConfigurationList section */
	};
	rootObject = CBA931D3269215D8007DA2F9 /* Project object */;
}
