// !$*UTF8*$!
{
	archiveVersion = 1;
	classes = {
	};
	objectVersion = 50;
	objects = {

/* Begin PBXBuildFile section */
		D2154E9624C0803C00F52815 /* AppDelegate.swift in Sources */ = {isa = PBXBuildFile; fileRef = D2154E9524C0803C00F52815 /* AppDelegate.swift */; };
		D2154E9824C0803C00F52815 /* SceneDelegate.swift in Sources */ = {isa = PBXBuildFile; fileRef = D2154E9724C0803C00F52815 /* SceneDelegate.swift */; };
		D2154E9D24C0803C00F52815 /* Main.storyboard in Resources */ = {isa = PBXBuildFile; fileRef = D2154E9B24C0803C00F52815 /* Main.storyboard */; };
		D2154E9F24C0803E00F52815 /* Assets.xcassets in Resources */ = {isa = PBXBuildFile; fileRef = D2154E9E24C0803E00F52815 /* Assets.xcassets */; };
		D2154EA224C0803E00F52815 /* LaunchScreen.storyboard in Resources */ = {isa = PBXBuildFile; fileRef = D2154EA024C0803E00F52815 /* LaunchScreen.storyboard */; };
		D2154EAC24C0844800F52815 /* rdr.mp4 in Resources */ = {isa = PBXBuildFile; fileRef = D2154EAA24C0844800F52815 /* rdr.mp4 */; };
		D2154EAD24C0844800F52815 /* rdrSub.srt in Resources */ = {isa = PBXBuildFile; fileRef = D2154EAB24C0844800F52815 /* rdrSub.srt */; };
		D2154EB324C0878E00F52815 /* SubtitlesExtractor.swift in Sources */ = {isa = PBXBuildFile; fileRef = D2154EB224C0878E00F52815 /* SubtitlesExtractor.swift */; };
		D2154EB524C087F400F52815 /* SubtitlesExtractorSrt.swift in Sources */ = {isa = PBXBuildFile; fileRef = D2154EB424C087F400F52815 /* SubtitlesExtractorSrt.swift */; };
		D2154EB824C0946400F52815 /* PlayerController.swift in Sources */ = {isa = PBXBuildFile; fileRef = D2154EB724C0946400F52815 /* PlayerController.swift */; };
		D2C0568224C7A45100810915 /* VideoPlayerPresenter.swift in Sources */ = {isa = PBXBuildFile; fileRef = D2C0568124C7A45100810915 /* VideoPlayerPresenter.swift */; };
		D2C0568424C7A62100810915 /* Extensions.swift in Sources */ = {isa = PBXBuildFile; fileRef = D2C0568324C7A62100810915 /* Extensions.swift */; };
		D2C0568624C7CADD00810915 /* SelectionGestureRecognizer.swift in Sources */ = {isa = PBXBuildFile; fileRef = D2C0568524C7CADD00810915 /* SelectionGestureRecognizer.swift */; };
		D2C0568824C7E28000810915 /* ControlsView.swift in Sources */ = {isa = PBXBuildFile; fileRef = D2C0568724C7E28000810915 /* ControlsView.swift */; };
		D2C3435324C614DE00133EBD /* SubtitlesView.swift in Sources */ = {isa = PBXBuildFile; fileRef = D2C3435224C614DE00133EBD /* SubtitlesView.swift */; };
		D2C3435524C625FE00133EBD /* TranslationView.swift in Sources */ = {isa = PBXBuildFile; fileRef = D2C3435424C625FE00133EBD /* TranslationView.swift */; };
		D2C3435724C6267B00133EBD /* TranslationView.xib in Resources */ = {isa = PBXBuildFile; fileRef = D2C3435624C6267B00133EBD /* TranslationView.xib */; };
		D2C3435924C6654500133EBD /* VideoPlayerViewController.swift in Sources */ = {isa = PBXBuildFile; fileRef = D2C3435824C6654500133EBD /* VideoPlayerViewController.swift */; };
		D2D292F024C78BB8004660EE /* TranslationService.swift in Sources */ = {isa = PBXBuildFile; fileRef = D2D292EF24C78BB8004660EE /* TranslationService.swift */; };
		D2D292F224C78E10004660EE /* YandexTranslationService.swift in Sources */ = {isa = PBXBuildFile; fileRef = D2D292F124C78E10004660EE /* YandexTranslationService.swift */; };
		D2D292F624C78EEF004660EE /* PropertyWrappers.swift in Sources */ = {isa = PBXBuildFile; fileRef = D2D292F524C78EEF004660EE /* PropertyWrappers.swift */; };
/* End PBXBuildFile section */

/* Begin PBXFileReference section */
		D2154E9224C0803C00F52815 /* LanguagePlayer.app */ = {isa = PBXFileReference; explicitFileType = wrapper.application; includeInIndex = 0; path = LanguagePlayer.app; sourceTree = BUILT_PRODUCTS_DIR; };
		D2154E9524C0803C00F52815 /* AppDelegate.swift */ = {isa = PBXFileReference; lastKnownFileType = sourcecode.swift; path = AppDelegate.swift; sourceTree = "<group>"; };
		D2154E9724C0803C00F52815 /* SceneDelegate.swift */ = {isa = PBXFileReference; lastKnownFileType = sourcecode.swift; path = SceneDelegate.swift; sourceTree = "<group>"; };
		D2154E9C24C0803C00F52815 /* Base */ = {isa = PBXFileReference; lastKnownFileType = file.storyboard; name = Base; path = Base.lproj/Main.storyboard; sourceTree = "<group>"; };
		D2154E9E24C0803E00F52815 /* Assets.xcassets */ = {isa = PBXFileReference; lastKnownFileType = folder.assetcatalog; path = Assets.xcassets; sourceTree = "<group>"; };
		D2154EA124C0803E00F52815 /* Base */ = {isa = PBXFileReference; lastKnownFileType = file.storyboard; name = Base; path = Base.lproj/LaunchScreen.storyboard; sourceTree = "<group>"; };
		D2154EA324C0803E00F52815 /* Info.plist */ = {isa = PBXFileReference; lastKnownFileType = text.plist.xml; path = Info.plist; sourceTree = "<group>"; };
		D2154EAA24C0844800F52815 /* rdr.mp4 */ = {isa = PBXFileReference; lastKnownFileType = file; path = rdr.mp4; sourceTree = "<group>"; };
		D2154EAB24C0844800F52815 /* rdrSub.srt */ = {isa = PBXFileReference; fileEncoding = 4; lastKnownFileType = text; path = rdrSub.srt; sourceTree = "<group>"; };
		D2154EB224C0878E00F52815 /* SubtitlesExtractor.swift */ = {isa = PBXFileReference; lastKnownFileType = sourcecode.swift; path = SubtitlesExtractor.swift; sourceTree = "<group>"; };
		D2154EB424C087F400F52815 /* SubtitlesExtractorSrt.swift */ = {isa = PBXFileReference; lastKnownFileType = sourcecode.swift; path = SubtitlesExtractorSrt.swift; sourceTree = "<group>"; };
		D2154EB724C0946400F52815 /* PlayerController.swift */ = {isa = PBXFileReference; lastKnownFileType = sourcecode.swift; path = PlayerController.swift; sourceTree = "<group>"; };
		D2C0568124C7A45100810915 /* VideoPlayerPresenter.swift */ = {isa = PBXFileReference; lastKnownFileType = sourcecode.swift; path = VideoPlayerPresenter.swift; sourceTree = "<group>"; };
		D2C0568324C7A62100810915 /* Extensions.swift */ = {isa = PBXFileReference; lastKnownFileType = sourcecode.swift; path = Extensions.swift; sourceTree = "<group>"; };
		D2C0568524C7CADD00810915 /* SelectionGestureRecognizer.swift */ = {isa = PBXFileReference; lastKnownFileType = sourcecode.swift; path = SelectionGestureRecognizer.swift; sourceTree = "<group>"; };
		D2C0568724C7E28000810915 /* ControlsView.swift */ = {isa = PBXFileReference; lastKnownFileType = sourcecode.swift; path = ControlsView.swift; sourceTree = "<group>"; };
		D2C3435224C614DE00133EBD /* SubtitlesView.swift */ = {isa = PBXFileReference; lastKnownFileType = sourcecode.swift; path = SubtitlesView.swift; sourceTree = "<group>"; };
		D2C3435424C625FE00133EBD /* TranslationView.swift */ = {isa = PBXFileReference; lastKnownFileType = sourcecode.swift; path = TranslationView.swift; sourceTree = "<group>"; };
		D2C3435624C6267B00133EBD /* TranslationView.xib */ = {isa = PBXFileReference; lastKnownFileType = file.xib; path = TranslationView.xib; sourceTree = "<group>"; };
		D2C3435824C6654500133EBD /* VideoPlayerViewController.swift */ = {isa = PBXFileReference; lastKnownFileType = sourcecode.swift; path = VideoPlayerViewController.swift; sourceTree = "<group>"; };
		D2D292EF24C78BB8004660EE /* TranslationService.swift */ = {isa = PBXFileReference; lastKnownFileType = sourcecode.swift; path = TranslationService.swift; sourceTree = "<group>"; };
		D2D292F124C78E10004660EE /* YandexTranslationService.swift */ = {isa = PBXFileReference; lastKnownFileType = sourcecode.swift; path = YandexTranslationService.swift; sourceTree = "<group>"; };
		D2D292F524C78EEF004660EE /* PropertyWrappers.swift */ = {isa = PBXFileReference; lastKnownFileType = sourcecode.swift; path = PropertyWrappers.swift; sourceTree = "<group>"; };
/* End PBXFileReference section */

/* Begin PBXFrameworksBuildPhase section */
		D2154E8F24C0803C00F52815 /* Frameworks */ = {
			isa = PBXFrameworksBuildPhase;
			buildActionMask = 2147483647;
			files = (
			);
			runOnlyForDeploymentPostprocessing = 0;
		};
/* End PBXFrameworksBuildPhase section */

/* Begin PBXGroup section */
		D2154E8924C0803C00F52815 = {
			isa = PBXGroup;
			children = (
				D2154E9424C0803C00F52815 /* LanguagePlayer */,
				D2154E9324C0803C00F52815 /* Products */,
			);
			sourceTree = "<group>";
		};
		D2154E9324C0803C00F52815 /* Products */ = {
			isa = PBXGroup;
			children = (
				D2154E9224C0803C00F52815 /* LanguagePlayer.app */,
			);
			name = Products;
			sourceTree = "<group>";
		};
		D2154E9424C0803C00F52815 /* LanguagePlayer */ = {
			isa = PBXGroup;
			children = (
				D2D292F324C78ED9004660EE /* Misc */,
				D2154EB024C0875600F52815 /* Services */,
				D2154EAF24C0852A00F52815 /* UserStories */,
				D2154EA924C0843600F52815 /* Videos */,
				D2154E9524C0803C00F52815 /* AppDelegate.swift */,
				D2154E9724C0803C00F52815 /* SceneDelegate.swift */,
				D2154E9B24C0803C00F52815 /* Main.storyboard */,
				D2154E9E24C0803E00F52815 /* Assets.xcassets */,
				D2154EA024C0803E00F52815 /* LaunchScreen.storyboard */,
				D2154EA324C0803E00F52815 /* Info.plist */,
			);
			path = LanguagePlayer;
			sourceTree = "<group>";
		};
		D2154EA924C0843600F52815 /* Videos */ = {
			isa = PBXGroup;
			children = (
				D2154EAA24C0844800F52815 /* rdr.mp4 */,
				D2154EAB24C0844800F52815 /* rdrSub.srt */,
			);
			path = Videos;
			sourceTree = "<group>";
		};
		D2154EAE24C0852100F52815 /* VideoPlayer */ = {
			isa = PBXGroup;
			children = (
				D2C0568124C7A45100810915 /* VideoPlayerPresenter.swift */,
				D2C3435824C6654500133EBD /* VideoPlayerViewController.swift */,
				D2C0568724C7E28000810915 /* ControlsView.swift */,
				D2C3435224C614DE00133EBD /* SubtitlesView.swift */,
				D2C3435424C625FE00133EBD /* TranslationView.swift */,
				D2C3435624C6267B00133EBD /* TranslationView.xib */,
			);
			path = VideoPlayer;
			sourceTree = "<group>";
		};
		D2154EAF24C0852A00F52815 /* UserStories */ = {
			isa = PBXGroup;
			children = (
				D2154EAE24C0852100F52815 /* VideoPlayer */,
			);
			path = UserStories;
			sourceTree = "<group>";
		};
		D2154EB024C0875600F52815 /* Services */ = {
			isa = PBXGroup;
			children = (
				D2D292EE24C78BA0004660EE /* TranslationAPI */,
				D2154EB624C0944900F52815 /* PlayerController */,
				D2154EB124C0876200F52815 /* SubtitlesExtractor */,
			);
			path = Services;
			sourceTree = "<group>";
		};
		D2154EB124C0876200F52815 /* SubtitlesExtractor */ = {
			isa = PBXGroup;
			children = (
				D2154EB224C0878E00F52815 /* SubtitlesExtractor.swift */,
				D2154EB424C087F400F52815 /* SubtitlesExtractorSrt.swift */,
			);
			path = SubtitlesExtractor;
			sourceTree = "<group>";
		};
		D2154EB624C0944900F52815 /* PlayerController */ = {
			isa = PBXGroup;
			children = (
				D2154EB724C0946400F52815 /* PlayerController.swift */,
			);
			path = PlayerController;
			sourceTree = "<group>";
		};
		D2D292EE24C78BA0004660EE /* TranslationAPI */ = {
			isa = PBXGroup;
			children = (
				D2D292EF24C78BB8004660EE /* TranslationService.swift */,
				D2D292F124C78E10004660EE /* YandexTranslationService.swift */,
			);
			path = TranslationAPI;
			sourceTree = "<group>";
		};
		D2D292F324C78ED9004660EE /* Misc */ = {
			isa = PBXGroup;
			children = (
				D2D292F524C78EEF004660EE /* PropertyWrappers.swift */,
				D2C0568324C7A62100810915 /* Extensions.swift */,
				D2C0568524C7CADD00810915 /* SelectionGestureRecognizer.swift */,
			);
			path = Misc;
			sourceTree = "<group>";
		};
/* End PBXGroup section */

/* Begin PBXNativeTarget section */
		D2154E9124C0803C00F52815 /* LanguagePlayer */ = {
			isa = PBXNativeTarget;
			buildConfigurationList = D2154EA624C0803E00F52815 /* Build configuration list for PBXNativeTarget "LanguagePlayer" */;
			buildPhases = (
				D2154E8E24C0803C00F52815 /* Sources */,
				D2154E8F24C0803C00F52815 /* Frameworks */,
				D2154E9024C0803C00F52815 /* Resources */,
			);
			buildRules = (
			);
			dependencies = (
			);
			name = LanguagePlayer;
			productName = LanguagePlayer;
			productReference = D2154E9224C0803C00F52815 /* LanguagePlayer.app */;
			productType = "com.apple.product-type.application";
		};
/* End PBXNativeTarget section */

/* Begin PBXProject section */
		D2154E8A24C0803C00F52815 /* Project object */ = {
			isa = PBXProject;
			attributes = {
				LastSwiftUpdateCheck = 1150;
				LastUpgradeCheck = 1150;
				ORGANIZATIONNAME = "Maxim Troshin";
				TargetAttributes = {
					D2154E9124C0803C00F52815 = {
						CreatedOnToolsVersion = 11.5;
					};
				};
			};
			buildConfigurationList = D2154E8D24C0803C00F52815 /* Build configuration list for PBXProject "LanguagePlayer" */;
			compatibilityVersion = "Xcode 9.3";
			developmentRegion = en;
			hasScannedForEncodings = 0;
			knownRegions = (
				en,
				Base,
			);
			mainGroup = D2154E8924C0803C00F52815;
			productRefGroup = D2154E9324C0803C00F52815 /* Products */;
			projectDirPath = "";
			projectRoot = "";
			targets = (
				D2154E9124C0803C00F52815 /* LanguagePlayer */,
			);
		};
/* End PBXProject section */

/* Begin PBXResourcesBuildPhase section */
		D2154E9024C0803C00F52815 /* Resources */ = {
			isa = PBXResourcesBuildPhase;
			buildActionMask = 2147483647;
			files = (
				D2154EAD24C0844800F52815 /* rdrSub.srt in Resources */,
				D2154EA224C0803E00F52815 /* LaunchScreen.storyboard in Resources */,
				D2C3435724C6267B00133EBD /* TranslationView.xib in Resources */,
				D2154E9F24C0803E00F52815 /* Assets.xcassets in Resources */,
				D2154EAC24C0844800F52815 /* rdr.mp4 in Resources */,
				D2154E9D24C0803C00F52815 /* Main.storyboard in Resources */,
			);
			runOnlyForDeploymentPostprocessing = 0;
		};
/* End PBXResourcesBuildPhase section */

/* Begin PBXSourcesBuildPhase section */
		D2154E8E24C0803C00F52815 /* Sources */ = {
			isa = PBXSourcesBuildPhase;
			buildActionMask = 2147483647;
			files = (
				D2C0568624C7CADD00810915 /* SelectionGestureRecognizer.swift in Sources */,
				D2C3435324C614DE00133EBD /* SubtitlesView.swift in Sources */,
				D2C3435524C625FE00133EBD /* TranslationView.swift in Sources */,
				D2D292F224C78E10004660EE /* YandexTranslationService.swift in Sources */,
				D2C3435924C6654500133EBD /* VideoPlayerViewController.swift in Sources */,
				D2154E9624C0803C00F52815 /* AppDelegate.swift in Sources */,
				D2C0568224C7A45100810915 /* VideoPlayerPresenter.swift in Sources */,
				D2154EB824C0946400F52815 /* PlayerController.swift in Sources */,
				D2D292F024C78BB8004660EE /* TranslationService.swift in Sources */,
				D2C0568424C7A62100810915 /* Extensions.swift in Sources */,
				D2154EB324C0878E00F52815 /* SubtitlesExtractor.swift in Sources */,
				D2154EB524C087F400F52815 /* SubtitlesExtractorSrt.swift in Sources */,
				D2154E9824C0803C00F52815 /* SceneDelegate.swift in Sources */,
				D2C0568824C7E28000810915 /* ControlsView.swift in Sources */,
				D2D292F624C78EEF004660EE /* PropertyWrappers.swift in Sources */,
			);
			runOnlyForDeploymentPostprocessing = 0;
		};
/* End PBXSourcesBuildPhase section */

/* Begin PBXVariantGroup section */
		D2154E9B24C0803C00F52815 /* Main.storyboard */ = {
			isa = PBXVariantGroup;
			children = (
				D2154E9C24C0803C00F52815 /* Base */,
			);
			name = Main.storyboard;
			sourceTree = "<group>";
		};
		D2154EA024C0803E00F52815 /* LaunchScreen.storyboard */ = {
			isa = PBXVariantGroup;
			children = (
				D2154EA124C0803E00F52815 /* Base */,
			);
			name = LaunchScreen.storyboard;
			sourceTree = "<group>";
		};
/* End PBXVariantGroup section */

/* Begin XCBuildConfiguration section */
		D2154EA424C0803E00F52815 /* Debug */ = {
			isa = XCBuildConfiguration;
			buildSettings = {
				ALWAYS_SEARCH_USER_PATHS = NO;
				CLANG_ANALYZER_NONNULL = YES;
				CLANG_ANALYZER_NUMBER_OBJECT_CONVERSION = YES_AGGRESSIVE;
				CLANG_CXX_LANGUAGE_STANDARD = "gnu++14";
				CLANG_CXX_LIBRARY = "libc++";
				CLANG_ENABLE_MODULES = YES;
				CLANG_ENABLE_OBJC_ARC = YES;
				CLANG_ENABLE_OBJC_WEAK = YES;
				CLANG_WARN_BLOCK_CAPTURE_AUTORELEASING = YES;
				CLANG_WARN_BOOL_CONVERSION = YES;
				CLANG_WARN_COMMA = YES;
				CLANG_WARN_CONSTANT_CONVERSION = YES;
				CLANG_WARN_DEPRECATED_OBJC_IMPLEMENTATIONS = YES;
				CLANG_WARN_DIRECT_OBJC_ISA_USAGE = YES_ERROR;
				CLANG_WARN_DOCUMENTATION_COMMENTS = YES;
				CLANG_WARN_EMPTY_BODY = YES;
				CLANG_WARN_ENUM_CONVERSION = YES;
				CLANG_WARN_INFINITE_RECURSION = YES;
				CLANG_WARN_INT_CONVERSION = YES;
				CLANG_WARN_NON_LITERAL_NULL_CONVERSION = YES;
				CLANG_WARN_OBJC_IMPLICIT_RETAIN_SELF = YES;
				CLANG_WARN_OBJC_LITERAL_CONVERSION = YES;
				CLANG_WARN_OBJC_ROOT_CLASS = YES_ERROR;
				CLANG_WARN_RANGE_LOOP_ANALYSIS = YES;
				CLANG_WARN_STRICT_PROTOTYPES = YES;
				CLANG_WARN_SUSPICIOUS_MOVE = YES;
				CLANG_WARN_UNGUARDED_AVAILABILITY = YES_AGGRESSIVE;
				CLANG_WARN_UNREACHABLE_CODE = YES;
				CLANG_WARN__DUPLICATE_METHOD_MATCH = YES;
				COPY_PHASE_STRIP = NO;
				DEBUG_INFORMATION_FORMAT = dwarf;
				ENABLE_STRICT_OBJC_MSGSEND = YES;
				ENABLE_TESTABILITY = YES;
				GCC_C_LANGUAGE_STANDARD = gnu11;
				GCC_DYNAMIC_NO_PIC = NO;
				GCC_NO_COMMON_BLOCKS = YES;
				GCC_OPTIMIZATION_LEVEL = 0;
				GCC_PREPROCESSOR_DEFINITIONS = (
					"DEBUG=1",
					"$(inherited)",
				);
				GCC_WARN_64_TO_32_BIT_CONVERSION = YES;
				GCC_WARN_ABOUT_RETURN_TYPE = YES_ERROR;
				GCC_WARN_UNDECLARED_SELECTOR = YES;
				GCC_WARN_UNINITIALIZED_AUTOS = YES_AGGRESSIVE;
				GCC_WARN_UNUSED_FUNCTION = YES;
				GCC_WARN_UNUSED_VARIABLE = YES;
				IPHONEOS_DEPLOYMENT_TARGET = 13.5;
				MTL_ENABLE_DEBUG_INFO = INCLUDE_SOURCE;
				MTL_FAST_MATH = YES;
				ONLY_ACTIVE_ARCH = YES;
				SDKROOT = iphoneos;
				SWIFT_ACTIVE_COMPILATION_CONDITIONS = DEBUG;
				SWIFT_OPTIMIZATION_LEVEL = "-Onone";
			};
			name = Debug;
		};
		D2154EA524C0803E00F52815 /* Release */ = {
			isa = XCBuildConfiguration;
			buildSettings = {
				ALWAYS_SEARCH_USER_PATHS = NO;
				CLANG_ANALYZER_NONNULL = YES;
				CLANG_ANALYZER_NUMBER_OBJECT_CONVERSION = YES_AGGRESSIVE;
				CLANG_CXX_LANGUAGE_STANDARD = "gnu++14";
				CLANG_CXX_LIBRARY = "libc++";
				CLANG_ENABLE_MODULES = YES;
				CLANG_ENABLE_OBJC_ARC = YES;
				CLANG_ENABLE_OBJC_WEAK = YES;
				CLANG_WARN_BLOCK_CAPTURE_AUTORELEASING = YES;
				CLANG_WARN_BOOL_CONVERSION = YES;
				CLANG_WARN_COMMA = YES;
				CLANG_WARN_CONSTANT_CONVERSION = YES;
				CLANG_WARN_DEPRECATED_OBJC_IMPLEMENTATIONS = YES;
				CLANG_WARN_DIRECT_OBJC_ISA_USAGE = YES_ERROR;
				CLANG_WARN_DOCUMENTATION_COMMENTS = YES;
				CLANG_WARN_EMPTY_BODY = YES;
				CLANG_WARN_ENUM_CONVERSION = YES;
				CLANG_WARN_INFINITE_RECURSION = YES;
				CLANG_WARN_INT_CONVERSION = YES;
				CLANG_WARN_NON_LITERAL_NULL_CONVERSION = YES;
				CLANG_WARN_OBJC_IMPLICIT_RETAIN_SELF = YES;
				CLANG_WARN_OBJC_LITERAL_CONVERSION = YES;
				CLANG_WARN_OBJC_ROOT_CLASS = YES_ERROR;
				CLANG_WARN_RANGE_LOOP_ANALYSIS = YES;
				CLANG_WARN_STRICT_PROTOTYPES = YES;
				CLANG_WARN_SUSPICIOUS_MOVE = YES;
				CLANG_WARN_UNGUARDED_AVAILABILITY = YES_AGGRESSIVE;
				CLANG_WARN_UNREACHABLE_CODE = YES;
				CLANG_WARN__DUPLICATE_METHOD_MATCH = YES;
				COPY_PHASE_STRIP = NO;
				DEBUG_INFORMATION_FORMAT = "dwarf-with-dsym";
				ENABLE_NS_ASSERTIONS = NO;
				ENABLE_STRICT_OBJC_MSGSEND = YES;
				GCC_C_LANGUAGE_STANDARD = gnu11;
				GCC_NO_COMMON_BLOCKS = YES;
				GCC_WARN_64_TO_32_BIT_CONVERSION = YES;
				GCC_WARN_ABOUT_RETURN_TYPE = YES_ERROR;
				GCC_WARN_UNDECLARED_SELECTOR = YES;
				GCC_WARN_UNINITIALIZED_AUTOS = YES_AGGRESSIVE;
				GCC_WARN_UNUSED_FUNCTION = YES;
				GCC_WARN_UNUSED_VARIABLE = YES;
				IPHONEOS_DEPLOYMENT_TARGET = 13.5;
				MTL_ENABLE_DEBUG_INFO = NO;
				MTL_FAST_MATH = YES;
				SDKROOT = iphoneos;
				SWIFT_COMPILATION_MODE = wholemodule;
				SWIFT_OPTIMIZATION_LEVEL = "-O";
				VALIDATE_PRODUCT = YES;
			};
			name = Release;
		};
		D2154EA724C0803E00F52815 /* Debug */ = {
			isa = XCBuildConfiguration;
			buildSettings = {
				ASSETCATALOG_COMPILER_APPICON_NAME = AppIcon;
				CODE_SIGN_STYLE = Automatic;
				DEVELOPMENT_TEAM = KM8KTKQCR2;
				INFOPLIST_FILE = LanguagePlayer/Info.plist;
				IPHONEOS_DEPLOYMENT_TARGET = 13.0;
				LD_RUNPATH_SEARCH_PATHS = (
					"$(inherited)",
					"@executable_path/Frameworks",
				);
				PRODUCT_BUNDLE_IDENTIFIER = net.maksima.LanguagePlayer;
				PRODUCT_NAME = "$(TARGET_NAME)";
				SWIFT_VERSION = 5.0;
				TARGETED_DEVICE_FAMILY = "1,2";
			};
			name = Debug;
		};
		D2154EA824C0803E00F52815 /* Release */ = {
			isa = XCBuildConfiguration;
			buildSettings = {
				ASSETCATALOG_COMPILER_APPICON_NAME = AppIcon;
				CODE_SIGN_STYLE = Automatic;
				DEVELOPMENT_TEAM = KM8KTKQCR2;
				INFOPLIST_FILE = LanguagePlayer/Info.plist;
				IPHONEOS_DEPLOYMENT_TARGET = 13.0;
				LD_RUNPATH_SEARCH_PATHS = (
					"$(inherited)",
					"@executable_path/Frameworks",
				);
				PRODUCT_BUNDLE_IDENTIFIER = net.maksima.LanguagePlayer;
				PRODUCT_NAME = "$(TARGET_NAME)";
				SWIFT_VERSION = 5.0;
				TARGETED_DEVICE_FAMILY = "1,2";
			};
			name = Release;
		};
/* End XCBuildConfiguration section */

/* Begin XCConfigurationList section */
		D2154E8D24C0803C00F52815 /* Build configuration list for PBXProject "LanguagePlayer" */ = {
			isa = XCConfigurationList;
			buildConfigurations = (
				D2154EA424C0803E00F52815 /* Debug */,
				D2154EA524C0803E00F52815 /* Release */,
			);
			defaultConfigurationIsVisible = 0;
			defaultConfigurationName = Release;
		};
		D2154EA624C0803E00F52815 /* Build configuration list for PBXNativeTarget "LanguagePlayer" */ = {
			isa = XCConfigurationList;
			buildConfigurations = (
				D2154EA724C0803E00F52815 /* Debug */,
				D2154EA824C0803E00F52815 /* Release */,
			);
			defaultConfigurationIsVisible = 0;
			defaultConfigurationName = Release;
		};
/* End XCConfigurationList section */
	};
	rootObject = D2154E8A24C0803C00F52815 /* Project object */;
}
